lockfileVersion: '9.0'

settings:
  autoInstallPeers: true
  excludeLinksFromLockfile: false

importers:

  .:
    dependencies:
      '@electric-sql/pglite':
        specifier: ^0.5.8
        version: 0.5.8
      '@electric-sql/pglite-socket':
        specifier: ^0.2.11
        version: 0.2.11(@electric-sql/pglite-age@0.0.9(@electric-sql/pglite@0.5.8))(@electric-sql/pglite-pg_hashids@0.0.9(@electric-sql/pglite@0.5.8))(@electric-sql/pglite-pg_ivm@0.0.9(@electric-sql/pglite@0.5.8))(@electric-sql/pglite-pg_textsearch@0.0.10(@electric-sql/pglite@0.5.8))(@electric-sql/pglite-pg_uuidv7@0.0.9(@electric-sql/pglite@0.5.8))(@electric-sql/pglite-pgtap@0.0.9(@electric-sql/pglite@0.5.8))(@electric-sql/pglite-pgvector@0.0.9(@electric-sql/pglite@0.5.8))(@electric-sql/pglite@0.5.8)
      drizzle-orm:
        specifier: ^0.45.2
        version: 0.45.2(@electric-sql/pglite@0.5.8)(pg@8.23.0)(postgres@3.4.9)
      embedded-postgres:
        specifier: 17.10.0-beta.17
        version: 17.10.0-beta.17
      postgres:
        specifier: ^3.4.9
        version: 3.4.9

packages:

  '@electric-sql/pglite-age@0.0.9':
    resolution: {integrity: sha512-IdNy5P5nxwKVeSPLjDLXkp/eYffH5roympM7fTG+g9ehzBrDnQ9TT2tfCJ2vRVcOSPQBp4oURzfRE19cs/x8ZA==}
    peerDependencies:
      '@electric-sql/pglite': 0.5.8

  '@electric-sql/pglite-pg_hashids@0.0.9':
    resolution: {integrity: sha512-NffsZH+FaRLp0WzsYG35BW/wOHLsTs325zjgp+PnKlWeGyW523Mbw4EZ1Awm02C3QWBU9p8Y2Fk02Al5NpRGUg==}
    peerDependencies:
      '@electric-sql/pglite': 0.5.8

  '@electric-sql/pglite-pg_ivm@0.0.9':
    resolution: {integrity: sha512-mbTcDLQyzeOG4rX6LLHhWDPJeQUv2xHvayKtf4oE7xujWEGWEDUEJP1+U0pXXELtIoWiUzzPBWjzKY1mRisqkQ==}
    peerDependencies:
      '@electric-sql/pglite': 0.5.8

  '@electric-sql/pglite-pg_textsearch@0.0.10':
    resolution: {integrity: sha512-tsL1rTYU4tzIC44htL7/0nS6C2XC5Srz0tfxU1LJelCqNIBkpFI9Esw1JbuVCaQKUHGDbPgAz8JYavNxwbuRVw==}
    peerDependencies:
      '@electric-sql/pglite': 0.5.8

  '@electric-sql/pglite-pg_uuidv7@0.0.9':
    resolution: {integrity: sha512-n/JbzoQMF9jFKFxGLRIzUfC1O4V2vTE0Pt3uoAO6/EP7dX5m1h4zBdezQAcT2JFostD0YWUdzHj9iYvcbUGM1A==}
    peerDependencies:
      '@electric-sql/pglite': 0.5.8

  '@electric-sql/pglite-pgtap@0.0.9':
    resolution: {integrity: sha512-VIyclfOawUN0IJROKiCnrVxsZQEG7tixgiC8c8nxp9TlBhI79MZqotoqlqvdPzGHmjWZlcgJ7tC8InOcy+2A/A==}
    peerDependencies:
      '@electric-sql/pglite': 0.5.8

  '@electric-sql/pglite-pgvector@0.0.9':
    resolution: {integrity: sha512-ue4iBW651gDQwBwn97Ekv1lYGPvXa1ymHbRbTCSL0Ib286PRDD1VDOwzwEoekZuO/wctMbTzKzlwdgDwYrqZ8A==}
    peerDependencies:
      '@electric-sql/pglite': 0.5.8

  '@electric-sql/pglite-socket@0.2.11':
    resolution: {integrity: sha512-DKnJBf7+5zFCXXGZAGUvGoWKetPPvaQ7fLSGVqP5onzgBhV9vvTcHigireMROMglgovvhoXHaMOKqt69/vts4A==}
    hasBin: true
    peerDependencies:
      '@electric-sql/pglite': 0.5.8
      '@electric-sql/pglite-age': 0.0.9
      '@electric-sql/pglite-pg_hashids': 0.0.9
      '@electric-sql/pglite-pg_ivm': 0.0.9
      '@electric-sql/pglite-pg_textsearch': 0.0.10
      '@electric-sql/pglite-pg_uuidv7': 0.0.9
      '@electric-sql/pglite-pgtap': 0.0.9
      '@electric-sql/pglite-pgvector': 0.0.9

  '@electric-sql/pglite@0.5.8':
    resolution: {integrity: sha512-n9tsbUOhwx2epK1V0ZG9Ar4SHWUju04dhmzZXiSBXwBoleOvIfals33NAaWgagQVAL4Rbvx/Ptsu3P+pA09f6Q==}

  '@embedded-postgres/darwin-arm64@17.10.0-beta.17':
    resolution: {integrity: sha512-E2dxhSllrcyAJBHuvgTrBTx2BaPlX2vvjXClPKHxfwBezk+nTZ01uAEraKiRJMpzHSCyN8J1dTjKh4q/uTsBLQ==}
    engines: {node: '>=16'}
    cpu: [arm64]
    os: [darwin]

  '@embedded-postgres/darwin-x64@17.10.0-beta.17':
    resolution: {integrity: sha512-gXk65MIyttD/PWo6NDSmu/n4vzPcqZQmxVWjEKuecwlyGmWO984AZ3Ljb7F0bwPvXhqcovH4FGN4ydr0fGeJxg==}
    engines: {node: '>=16'}
    cpu: [x64]
    os: [darwin]

  '@embedded-postgres/linux-arm64@17.10.0-beta.17':
    resolution: {integrity: sha512-mC+bQvaBEf0WDD0nPWW3eGUXDUVzoyCzMtgl+Fw6Jy9DkQFK+jcPtzkzqhhrS/fGzn5telNpKInl8xPqDh71Ig==}
    engines: {node: '>=16'}
    cpu: [arm64]
    os: [linux]

  '@embedded-postgres/linux-arm@17.10.0-beta.17':
    resolution: {integrity: sha512-XQrRydqjgPrvvCKF1PrLvMljMbeXXT4GbB70+z7viqUWg3bgq31nGMkupa2TXHLqRnfmEhz1u3gn3xgQIphLZQ==}
    engines: {node: '>=16'}
    cpu: [arm]
    os: [linux]

  '@embedded-postgres/linux-ia32@17.10.0-beta.17':
    resolution: {integrity: sha512-ck2QlYCPmmNRJotXp0cJnnB5Yn/bk89qT3cjVCxUfkS1b/56Odu9ID6zvAYFebvYeHU69UwOEbplikV4saRYWw==}
    engines: {node: '>=16'}
    cpu: [ia32]
    os: [linux]

  '@embedded-postgres/linux-ppc64@17.10.0-beta.17':
    resolution: {integrity: sha512-+Mb0E41rvlwBhAV11eZf51rlxSHA8ancPHPFxhyljg+ZJ62QB1YryBf+rIkphpG2bnt4aJwxd1JOUk3PonlrLA==}
    engines: {node: '>=16'}
    cpu: [ppc64]
    os: [linux]

  '@embedded-postgres/linux-x64@17.10.0-beta.17':
    resolution: {integrity: sha512-hU4Sgna19ixDP/l3P/zkHhQ9B0JDV39qA97RNz55QcngeRjFC5/1G36LZjODVJ84kVJHUTQMmly7nzWO8js8kg==}
    engines: {node: '>=16'}
    cpu: [x64]
    os: [linux]

  '@embedded-postgres/windows-x64@17.10.0-beta.17':
    resolution: {integrity: sha512-q6xIETTkv67i1QlTWz1LAKb3Z+vG2V3qrp+BjLEWhCQ9jE4hbbsQ/J/3wiOPFLJbuwak7CfHC9EUJG7txAbGKw==}
    engines: {node: '>=16'}
    cpu: [x64]
    os: [win32]

  async-exit-hook@2.0.1:
    resolution: {integrity: sha512-NW2cX8m1Q7KPA7a5M2ULQeZ2wR5qI5PAbw5L0UOMxdioVk9PMZ0h1TmyZEkPYrCvYjDlFICusOu1dlEKAAeXBw==}
    engines: {node: '>=0.12.0'}

  drizzle-orm@0.45.2:
    resolution: {integrity: sha512-kY0BSaTNYWnoDMVoyY8uxmyHjpJW1geOmBMdSSicKo9CIIWkSxMIj2rkeSR51b8KAPB7m+qysjuHme5nKP+E5Q==}
    peerDependencies:
      '@aws-sdk/client-rds-data': '>=3'
      '@cloudflare/workers-types': '>=4'
      '@electric-sql/pglite': '>=0.2.0'
      '@libsql/client': '>=0.10.0'
      '@libsql/client-wasm': '>=0.10.0'
      '@neondatabase/serverless': '>=0.10.0'
      '@op-engineering/op-sqlite': '>=2'
      '@opentelemetry/api': ^1.4.1
      '@planetscale/database': '>=1.13'
      '@prisma/client': '*'
      '@tidbcloud/serverless': '*'
      '@types/better-sqlite3': '*'
      '@types/pg': '*'
      '@types/sql.js': '*'
      '@upstash/redis': '>=1.34.7'
      '@vercel/postgres': '>=0.8.0'
      '@xata.io/client': '*'
      better-sqlite3: '>=7'
      bun-types: '*'
      expo-sqlite: '>=14.0.0'
      gel: '>=2'
      knex: '*'
      kysely: '*'
      mysql2: '>=2'
      pg: '>=8'
      postgres: '>=3'
      prisma: '*'
      sql.js: '>=1'
      sqlite3: '>=5'
    peerDependenciesMeta:
      '@aws-sdk/client-rds-data':
        optional: true
      '@cloudflare/workers-types':
        optional: true
      '@electric-sql/pglite':
        optional: true
      '@libsql/client':
        optional: true
      '@libsql/client-wasm':
        optional: true
      '@neondatabase/serverless':
        optional: true
      '@op-engineering/op-sqlite':
        optional: true
      '@opentelemetry/api':
        optional: true
      '@planetscale/database':
        optional: true
      '@prisma/client':
        optional: true
      '@tidbcloud/serverless':
        optional: true
      '@types/better-sqlite3':
        optional: true
      '@types/pg':
        optional: true
      '@types/sql.js':
        optional: true
      '@upstash/redis':
        optional: true
      '@vercel/postgres':
        optional: true
      '@xata.io/client':
        optional: true
      better-sqlite3:
        optional: true
      bun-types:
        optional: true
      expo-sqlite:
        optional: true
      gel:
        optional: true
      knex:
        optional: true
      kysely:
        optional: true
      mysql2:
        optional: true
      pg:
        optional: true
      postgres:
        optional: true
      prisma:
        optional: true
      sql.js:
        optional: true
      sqlite3:
        optional: true

  embedded-postgres@17.10.0-beta.17:
    resolution: {integrity: sha512-s9ITJA41OTIQmn91RLqQ5X2MVP2BCZ8pb4tQX3MY8VOd8xNCzzlgfHGcXuitDzK800FhbG/3YufFk21KTTvpzA==}
    engines: {node: '>=16'}

  pg-cloudflare@1.4.0:
    resolution: {integrity: sha512-Vo7z/6rrQYxpNRylp4Tlob2elzbh+N/MOQbxFVWCxS7oEx6jF53GTJFxK2WWpKuBRkmiin4Mt+xofFDjx09R0A==}

  pg-connection-string@2.14.0:
    resolution: {integrity: sha512-XwWDGcLRGCXAR8F/AM5bG7Q+A3Wm2s6QeEjlOKZLlH3UYcguiqCWKyWXVag5TLTIjR7oOJUY8kcADaZgWPyLeg==}

  pg-int8@1.0.1:
    resolution: {integrity: sha512-WCtabS6t3c8SkpDBUlb1kjOs7l66xsGdKpIPZsg4wR+B3+u9UAum2odSsF9tnvxg80h4ZxLWMy4pRjOsFIqQpw==}
    engines: {node: '>=4.0.0'}

  pg-pool@3.14.0:
    resolution: {integrity: sha512-gKtPkFdQPU3DksooVLi9LsjZxrsBUZIpa+7aVx+LV5pNh0KzP4Zleud2po+ConrxbuXGBJ6Hfer6hdgpIBpBaw==}
    peerDependencies:
      pg: '>=8.0'

  pg-protocol@1.16.0:
    resolution: {integrity: sha512-sILXutLVjCLjcDuOmvhX5e2Z4cS5qG/6Bu3VkpFwdf/633ElGLpEh9bgmuI5I4sqKqkifQiGyiCcx1HdtrK7tg==}

  pg-types@2.2.0:
    resolution: {integrity: sha512-qTAAlrEsl8s4OiEQY69wDvcMIdQN6wdz5ojQiOy6YRMuynxenON0O5oCpJI6lshc6scgAY8qvJ2On/p+CXY0GA==}
    engines: {node: '>=4'}

  pg@8.23.0:
    resolution: {integrity: sha512-Ip2EQCngowJLGOfCwkFhPXU7/ljlhn6Rxlmy4XYfL2Y+vyRM59+8uR2xqRWKdYmbXmxCFOAmKxBuSUCdF34qLg==}
    engines: {node: '>= 16.0.0'}
    peerDependencies:
      pg-native: '>=3.0.1'
    peerDependenciesMeta:
      pg-native:
        optional: true

  pgpass@1.0.5:
    resolution: {integrity: sha512-FdW9r/jQZhSeohs1Z3sI1yxFQNFvMcnmfuj4WBMUTxOrAyLMaTcE1aAMBiTlbMNaXvBCQuVi0R7hd8udDSP7ug==}

  postgres-array@2.0.0:
    resolution: {integrity: sha512-VpZrUqU5A69eQyW2c5CA1jtLecCsN2U/bD6VilrFDWq5+5UIEVO7nazS3TEcHf1zuPYO/sqGvUvW62g86RXZuA==}
    engines: {node: '>=4'}

  postgres-bytea@1.0.1:
    resolution: {integrity: sha512-5+5HqXnsZPE65IJZSMkZtURARZelel2oXUEO8rH83VS/hxH5vv1uHquPg5wZs8yMAfdv971IU+kcPUczi7NVBQ==}
    engines: {node: '>=0.10.0'}

  postgres-date@1.0.7:
    resolution: {integrity: sha512-suDmjLVQg78nMK2UZ454hAG+OAW+HQPZ6n++TNDUX+L0+uUlLywnoxJKDou51Zm+zTCjrCl0Nq6J9C5hP9vK/Q==}
    engines: {node: '>=0.10.0'}

  postgres-interval@1.2.0:
    resolution: {integrity: sha512-9ZhXKM/rw350N1ovuWHbGxnGh/SNJ4cnxHiM0rxE4VN41wsg8P8zWn9hv/buK00RP4WvlOyr/RBDiptyxVbkZQ==}
    engines: {node: '>=0.10.0'}

  postgres@3.4.9:
    resolution: {integrity: sha512-GD3qdB0x1z9xgFI6cdRD6xu2Sp2WCOEoe3mtnyB5Ee0XrrL5Pe+e4CCnJrRMnL1zYtRDZmQQVbvOttLnKDLnaw==}
    engines: {node: '>=12'}

  split2@4.2.0:
    resolution: {integrity: sha512-UcjcJOWknrNkF6PLX83qcHM6KHgVKNkV62Y8a5uYDVv9ydGQVwAHMKqHdJje1VTWpljG0WYpCDhrCdAOYH4TWg==}
    engines: {node: '>= 10.x'}

  xtend@4.0.2:
    resolution: {integrity: sha512-LKYU1iAXJXUgAXn9URjiu+MWhyUXHsvfp7mcuYm9dSUKK0/CjtrUwFAxD82/mCWbtLsGjFIad0wIsod4zrTAEQ==}
    engines: {node: '>=0.4'}

snapshots:

  '@electric-sql/pglite-age@0.0.9(@electric-sql/pglite@0.5.8)':
    dependencies:
      '@electric-sql/pglite': 0.5.8

  '@electric-sql/pglite-pg_hashids@0.0.9(@electric-sql/pglite@0.5.8)':
    dependencies:
      '@electric-sql/pglite': 0.5.8

  '@electric-sql/pglite-pg_ivm@0.0.9(@electric-sql/pglite@0.5.8)':
    dependencies:
      '@electric-sql/pglite': 0.5.8

  '@electric-sql/pglite-pg_textsearch@0.0.10(@electric-sql/pglite@0.5.8)':
    dependencies:
      '@electric-sql/pglite': 0.5.8

  '@electric-sql/pglite-pg_uuidv7@0.0.9(@electric-sql/pglite@0.5.8)':
    dependencies:
      '@electric-sql/pglite': 0.5.8

  '@electric-sql/pglite-pgtap@0.0.9(@electric-sql/pglite@0.5.8)':
    dependencies:
      '@electric-sql/pglite': 0.5.8

  '@electric-sql/pglite-pgvector@0.0.9(@electric-sql/pglite@0.5.8)':
    dependencies:
      '@electric-sql/pglite': 0.5.8

  '@electric-sql/pglite-socket@0.2.11(@electric-sql/pglite-age@0.0.9(@electric-sql/pglite@0.5.8))(@electric-sql/pglite-pg_hashids@0.0.9(@electric-sql/pglite@0.5.8))(@electric-sql/pglite-pg_ivm@0.0.9(@electric-sql/pglite@0.5.8))(@electric-sql/pglite-pg_textsearch@0.0.10(@electric-sql/pglite@0.5.8))(@electric-sql/pglite-pg_uuidv7@0.0.9(@electric-sql/pglite@0.5.8))(@electric-sql/pglite-pgtap@0.0.9(@electric-sql/pglite@0.5.8))(@electric-sql/pglite-pgvector@0.0.9(@electric-sql/pglite@0.5.8))(@electric-sql/pglite@0.5.8)':
    dependencies:
      '@electric-sql/pglite': 0.5.8
      '@electric-sql/pglite-age': 0.0.9(@electric-sql/pglite@0.5.8)
      '@electric-sql/pglite-pg_hashids': 0.0.9(@electric-sql/pglite@0.5.8)
      '@electric-sql/pglite-pg_ivm': 0.0.9(@electric-sql/pglite@0.5.8)
      '@electric-sql/pglite-pg_textsearch': 0.0.10(@electric-sql/pglite@0.5.8)
      '@electric-sql/pglite-pg_uuidv7': 0.0.9(@electric-sql/pglite@0.5.8)
      '@electric-sql/pglite-pgtap': 0.0.9(@electric-sql/pglite@0.5.8)
      '@electric-sql/pglite-pgvector': 0.0.9(@electric-sql/pglite@0.5.8)

  '@electric-sql/pglite@0.5.8': {}

  '@embedded-postgres/darwin-arm64@17.10.0-beta.17':
    optional: true

  '@embedded-postgres/darwin-x64@17.10.0-beta.17':
    optional: true

  '@embedded-postgres/linux-arm64@17.10.0-beta.17':
    optional: true

  '@embedded-postgres/linux-arm@17.10.0-beta.17':
    optional: true

  '@embedded-postgres/linux-ia32@17.10.0-beta.17':
    optional: true

  '@embedded-postgres/linux-ppc64@17.10.0-beta.17':
    optional: true

  '@embedded-postgres/linux-x64@17.10.0-beta.17':
    optional: true

  '@embedded-postgres/windows-x64@17.10.0-beta.17':
    optional: true

  async-exit-hook@2.0.1: {}

  drizzle-orm@0.45.2(@electric-sql/pglite@0.5.8)(pg@8.23.0)(postgres@3.4.9):
    optionalDependencies:
      '@electric-sql/pglite': 0.5.8
      pg: 8.23.0
      postgres: 3.4.9

  embedded-postgres@17.10.0-beta.17:
    dependencies:
      async-exit-hook: 2.0.1
      pg: 8.23.0
    optionalDependencies:
      '@embedded-postgres/darwin-arm64': 17.10.0-beta.17
      '@embedded-postgres/darwin-x64': 17.10.0-beta.17
      '@embedded-postgres/linux-arm': 17.10.0-beta.17
      '@embedded-postgres/linux-arm64': 17.10.0-beta.17
      '@embedded-postgres/linux-ia32': 17.10.0-beta.17
      '@embedded-postgres/linux-ppc64': 17.10.0-beta.17
      '@embedded-postgres/linux-x64': 17.10.0-beta.17
      '@embedded-postgres/windows-x64': 17.10.0-beta.17
    transitivePeerDependencies:
      - pg-native

  pg-cloudflare@1.4.0:
    optional: true

  pg-connection-string@2.14.0: {}

  pg-int8@1.0.1: {}

  pg-pool@3.14.0(pg@8.23.0):
    dependencies:
      pg: 8.23.0

  pg-protocol@1.16.0: {}

  pg-types@2.2.0:
    dependencies:
      pg-int8: 1.0.1
      postgres-array: 2.0.0
      postgres-bytea: 1.0.1
      postgres-date: 1.0.7
      postgres-interval: 1.2.0

  pg@8.23.0:
    dependencies:
      pg-connection-string: 2.14.0
      pg-pool: 3.14.0(pg@8.23.0)
      pg-protocol: 1.16.0
      pg-types: 2.2.0
      pgpass: 1.0.5
    optionalDependencies:
      pg-cloudflare: 1.4.0

  pgpass@1.0.5:
    dependencies:
      split2: 4.2.0

  postgres-array@2.0.0: {}

  postgres-bytea@1.0.1: {}

  postgres-date@1.0.7: {}

  postgres-interval@1.2.0:
    dependencies:
      xtend: 4.0.2

  postgres@3.4.9: {}

  split2@4.2.0: {}

  xtend@4.0.2: {}
